
Microsoft Visual Studio Solution File, Format Version 12.00
# Visual Studio 14
VisualStudioVersion = 14.0.25420.1
MinimumVisualStudioVersion = 10.0.40219.1
Project("{FAE04EC0-301F-11D3-BF4B-00C04F79EFBC}") = "异步多线程", "异步多线程\异步多线程.csproj", "{AEA9E577-E398-4B55-99E9-F85C323B0A0B}"
EndProject
Project("{FAE04EC0-301F-11D3-BF4B-00C04F79EFBC}") = "集合", "ConsoleApplication1\集合.csproj", "{5B67B60A-6354-4313-9852-C844BFDC7772}"
EndProject
Project("{2150E333-8FDC-42A3-9474-1A3956D46DE8}") = "软谋", "软谋", "{DED3029B-7A9D-4A0D-AD16-CD8636C1DFEA}"
EndProject
Project("{2150E333-8FDC-42A3-9474-1A3956D46DE8}") = "算法与数据结构", "算法与数据结构", "{29A04AE2-72F5-4819-B744-982738F07939}"
EndProject
Project("{2150E333-8FDC-42A3-9474-1A3956D46DE8}") = "LeetCode", "LeetCode", "{0F76595B-C363-4558-A9E3-A210610ECC54}"
EndProject
Project("{2150E333-8FDC-42A3-9474-1A3956D46DE8}") = "牛客网", "牛客网", "{1179DB74-6576-4DB1-BC9C-95F9BB0B7FEB}"
EndProject
Project("{2150E333-8FDC-42A3-9474-1A3956D46DE8}") = "数据库", "数据库", "{3601F7D4-1C72-4118-8375-A0B8A9970000}"
EndProject
Project("{2150E333-8FDC-42A3-9474-1A3956D46DE8}") = "计算机网络", "计算机网络", "{0B08F40E-A0EE-4286-A20D-69DB581FC4DC}"
EndProject
Project("{2150E333-8FDC-42A3-9474-1A3956D46DE8}") = "网络渗透", "网络渗透", "{CC7A97A7-98DC-41D8-9A8C-54B7C0308560}"
EndProject
Project("{FAE04EC0-301F-11D3-BF4B-00C04F79EFBC}") = "检测器", "检测器\检测器.csproj", "{211842BA-985C-4BA3-85B4-B3347FF0CCB2}"
EndProject
Project("{FAE04EC0-301F-11D3-BF4B-00C04F79EFBC}") = "排序", "Sort\排序.csproj", "{6C943F54-7DD9-46DC-831B-A3DAEFDB4D09}"
EndProject
Project("{2150E333-8FDC-42A3-9474-1A3956D46DE8}") = "CShap基础", "CShap基础", "{C134EE86-9D25-4178-891D-47045AD8FF86}"
EndProject
Project("{2150E333-8FDC-42A3-9474-1A3956D46DE8}") = "EF", "EF", "{4A316C5C-3E7E-4AF0-9BBD-56D70CAC62DA}"
EndProject
Project("{2150E333-8FDC-42A3-9474-1A3956D46DE8}") = "CodeFirst", "CodeFirst", "{42615F32-7402-4E41-A066-F38984420AA4}"
	ProjectSection(SolutionItems) = preProject
		步骤.txt = 步骤.txt
	EndProjectSection
EndProject
Project("{2150E333-8FDC-42A3-9474-1A3956D46DE8}") = "DBFirst", "DBFirst", "{B3A537B4-C0B7-4FAF-AB6E-C98F39400469}"
EndProject
Project("{2150E333-8FDC-42A3-9474-1A3956D46DE8}") = "ModelFirst", "ModelFirst", "{1DB5882E-75FE-4E89-8767-4084AB3AA7EB}"
EndProject
Project("{2150E333-8FDC-42A3-9474-1A3956D46DE8}") = "CodeFirstDB", "CodeFirstDB", "{5E79C431-04A1-49FA-9BFE-3194EAA809BA}"
EndProject
Project("{FAE04EC0-301F-11D3-BF4B-00C04F79EFBC}") = "CodeFirst", "CodeFirst\CodeFirst.csproj", "{1F474A84-A0E0-4A2F-9FCF-7694F9EF875D}"
EndProject
Project("{2150E333-8FDC-42A3-9474-1A3956D46DE8}") = "Doc", "Doc", "{2A37F8CA-F5D2-4239-9024-9D621C1E0912}"
	ProjectSection(SolutionItems) = preProject
		G:\软谋asp.net\软谋vip高级班第十期\第十期代码\20180123Advanced10Course30EntityFramework\EF6数据库迁移Migrations.docx = G:\软谋asp.net\软谋vip高级班第十期\第十期代码\20180123Advanced10Course30EntityFramework\EF6数据库迁移Migrations.docx
		G:\软谋asp.net\软谋vip高级班第十期\第十期代码\20180123Advanced10Course30EntityFramework\EF6的存储过程.doc = G:\软谋asp.net\软谋vip高级班第十期\第十期代码\20180123Advanced10Course30EntityFramework\EF6的存储过程.doc
		EF和ORM.txt = EF和ORM.txt
		G:\软谋asp.net\软谋vip高级班第十期\第十期代码\20180123Advanced10Course30EntityFramework\EF导航属性和外键.docx = G:\软谋asp.net\软谋vip高级班第十期\第十期代码\20180123Advanced10Course30EntityFramework\EF导航属性和外键.docx
		G:\软谋asp.net\软谋vip高级班第十期\第十期代码\20180123Advanced10Course30EntityFramework\EntityFramework教程.doc = G:\软谋asp.net\软谋vip高级班第十期\第十期代码\20180123Advanced10Course30EntityFramework\EntityFramework教程.doc
		G:\软谋asp.net\软谋vip高级班第十期\第十期代码\20180123Advanced10Course30EntityFramework\Linq to SQL 语法查询(子查询 & in操作 & join ).docx = G:\软谋asp.net\软谋vip高级班第十期\第十期代码\20180123Advanced10Course30EntityFramework\Linq to SQL 语法查询(子查询 & in操作 & join ).docx
		G:\软谋asp.net\软谋vip高级班第十期\第十期代码\20180123Advanced10Course30EntityFramework\ORM简介.doc = G:\软谋asp.net\软谋vip高级班第十期\第十期代码\20180123Advanced10Course30EntityFramework\ORM简介.doc
	EndProjectSection
EndProject
Project("{FAE04EC0-301F-11D3-BF4B-00C04F79EFBC}") = "Cache缓存", "Cache缓存\Cache缓存.csproj", "{93E9CE54-143E-4D5C-87B2-DCCAF7C9D0E1}"
EndProject
Project("{2150E333-8FDC-42A3-9474-1A3956D46DE8}") = "启动器", "启动器", "{4CD450AD-F6CD-4904-AFB0-BAAC4D8E7D5A}"
EndProject
Project("{FAE04EC0-301F-11D3-BF4B-00C04F79EFBC}") = "RunProgram", "RunProgram\RunProgram.csproj", "{A4DE6D79-E314-4F05-BD6E-2A1D3DEE3BAF}"
EndProject
Project("{2150E333-8FDC-42A3-9474-1A3956D46DE8}") = "SOA", "SOA", "{3F067EF6-7593-4DD3-97B7-87AD726ED74D}"
EndProject
Project("{FAE04EC0-301F-11D3-BF4B-00C04F79EFBC}") = "SQA.Web.Test", "SQA.Web.Test\SQA.Web.Test.csproj", "{8E728510-76D6-4126-8F05-3E237E534380}"
EndProject
Project("{FAE04EC0-301F-11D3-BF4B-00C04F79EFBC}") = "SOA.Web.UnitTest", "SOA.Web.UnitTest\SOA.Web.UnitTest.csproj", "{07087C3D-0CE5-4206-BE03-E7516EE86FBB}"
EndProject
Project("{2150E333-8FDC-42A3-9474-1A3956D46DE8}") = "Web请在另外一个地方开启", "Web请在另外一个地方开启", "{EA4848E6-A756-4332-A04A-54D2CB0E4062}"
EndProject
Project("{FAE04EC0-301F-11D3-BF4B-00C04F79EFBC}") = "总结", "总结\总结.csproj", "{D76255A7-8526-4FF0-A30E-557FD94D16D4}"
EndProject
Project("{FAE04EC0-301F-11D3-BF4B-00C04F79EFBC}") = "SOA.Web", "..\SOA.Web\SOA.Web\SOA.Web.csproj", "{9161858E-DB5A-4434-AC52-4A4DD5A2F23E}"
EndProject
Project("{2150E333-8FDC-42A3-9474-1A3956D46DE8}") = "Client", "Client", "{2CF99341-DCE7-4713-A986-5EDA5372BDAC}"
EndProject
Project("{2150E333-8FDC-42A3-9474-1A3956D46DE8}") = "Bussiness", "Bussiness", "{9C9FAC66-85D4-4AD1-835E-0AB3C5EDEF34}"
EndProject
Project("{FAE04EC0-301F-11D3-BF4B-00C04F79EFBC}") = "SOA.WCF.Interface", "..\SOA.Web\SOA.WCF.Interface\SOA.WCF.Interface.csproj", "{441E46EE-1F05-4D8F-8D7C-3909C6CB2A69}"
EndProject
Project("{FAE04EC0-301F-11D3-BF4B-00C04F79EFBC}") = "SOA.WCF.Model", "..\SOA.Web\SOA.WCF.Model\SOA.WCF.Model.csproj", "{794CB796-C386-41DC-A4B8-80B592E93656}"
EndProject
Project("{FAE04EC0-301F-11D3-BF4B-00C04F79EFBC}") = "SOA.WCF.Service", "..\SOA.Web\SOA.WCF.Service\SOA.WCF.Service.csproj", "{B96411AB-8B0A-4E00-82DC-43506E2C6EAF}"
EndProject
Project("{FAE04EC0-301F-11D3-BF4B-00C04F79EFBC}") = "SOA.WCF.Hosting", "..\SOA.Web\SOA.WCF.Hosting\SOA.WCF.Hosting.csproj", "{BA364A21-BCB2-4588-834E-D2AB274A2EAC}"
EndProject
Global
	GlobalSection(SolutionConfigurationPlatforms) = preSolution
		Debug|Any CPU = Debug|Any CPU
		Release|Any CPU = Release|Any CPU
	EndGlobalSection
	GlobalSection(ProjectConfigurationPlatforms) = postSolution
		{AEA9E577-E398-4B55-99E9-F85C323B0A0B}.Debug|Any CPU.ActiveCfg = Debug|Any CPU
		{AEA9E577-E398-4B55-99E9-F85C323B0A0B}.Debug|Any CPU.Build.0 = Debug|Any CPU
		{AEA9E577-E398-4B55-99E9-F85C323B0A0B}.Release|Any CPU.ActiveCfg = Release|Any CPU
		{AEA9E577-E398-4B55-99E9-F85C323B0A0B}.Release|Any CPU.Build.0 = Release|Any CPU
		{5B67B60A-6354-4313-9852-C844BFDC7772}.Debug|Any CPU.ActiveCfg = Debug|Any CPU
		{5B67B60A-6354-4313-9852-C844BFDC7772}.Debug|Any CPU.Build.0 = Debug|Any CPU
		{5B67B60A-6354-4313-9852-C844BFDC7772}.Release|Any CPU.ActiveCfg = Release|Any CPU
		{5B67B60A-6354-4313-9852-C844BFDC7772}.Release|Any CPU.Build.0 = Release|Any CPU
		{211842BA-985C-4BA3-85B4-B3347FF0CCB2}.Debug|Any CPU.ActiveCfg = Debug|Any CPU
		{211842BA-985C-4BA3-85B4-B3347FF0CCB2}.Debug|Any CPU.Build.0 = Debug|Any CPU
		{211842BA-985C-4BA3-85B4-B3347FF0CCB2}.Release|Any CPU.ActiveCfg = Release|Any CPU
		{211842BA-985C-4BA3-85B4-B3347FF0CCB2}.Release|Any CPU.Build.0 = Release|Any CPU
		{6C943F54-7DD9-46DC-831B-A3DAEFDB4D09}.Debug|Any CPU.ActiveCfg = Debug|Any CPU
		{6C943F54-7DD9-46DC-831B-A3DAEFDB4D09}.Debug|Any CPU.Build.0 = Debug|Any CPU
		{6C943F54-7DD9-46DC-831B-A3DAEFDB4D09}.Release|Any CPU.ActiveCfg = Release|Any CPU
		{6C943F54-7DD9-46DC-831B-A3DAEFDB4D09}.Release|Any CPU.Build.0 = Release|Any CPU
		{1F474A84-A0E0-4A2F-9FCF-7694F9EF875D}.Debug|Any CPU.ActiveCfg = Debug|Any CPU
		{1F474A84-A0E0-4A2F-9FCF-7694F9EF875D}.Debug|Any CPU.Build.0 = Debug|Any CPU
		{1F474A84-A0E0-4A2F-9FCF-7694F9EF875D}.Release|Any CPU.ActiveCfg = Release|Any CPU
		{1F474A84-A0E0-4A2F-9FCF-7694F9EF875D}.Release|Any CPU.Build.0 = Release|Any CPU
		{93E9CE54-143E-4D5C-87B2-DCCAF7C9D0E1}.Debug|Any CPU.ActiveCfg = Debug|Any CPU
		{93E9CE54-143E-4D5C-87B2-DCCAF7C9D0E1}.Debug|Any CPU.Build.0 = Debug|Any CPU
		{93E9CE54-143E-4D5C-87B2-DCCAF7C9D0E1}.Release|Any CPU.ActiveCfg = Release|Any CPU
		{93E9CE54-143E-4D5C-87B2-DCCAF7C9D0E1}.Release|Any CPU.Build.0 = Release|Any CPU
		{A4DE6D79-E314-4F05-BD6E-2A1D3DEE3BAF}.Debug|Any CPU.ActiveCfg = Debug|Any CPU
		{A4DE6D79-E314-4F05-BD6E-2A1D3DEE3BAF}.Debug|Any CPU.Build.0 = Debug|Any CPU
		{A4DE6D79-E314-4F05-BD6E-2A1D3DEE3BAF}.Release|Any CPU.ActiveCfg = Release|Any CPU
		{A4DE6D79-E314-4F05-BD6E-2A1D3DEE3BAF}.Release|Any CPU.Build.0 = Release|Any CPU
		{8E728510-76D6-4126-8F05-3E237E534380}.Debug|Any CPU.ActiveCfg = Debug|Any CPU
		{8E728510-76D6-4126-8F05-3E237E534380}.Debug|Any CPU.Build.0 = Debug|Any CPU
		{8E728510-76D6-4126-8F05-3E237E534380}.Release|Any CPU.ActiveCfg = Release|Any CPU
		{8E728510-76D6-4126-8F05-3E237E534380}.Release|Any CPU.Build.0 = Release|Any CPU
		{07087C3D-0CE5-4206-BE03-E7516EE86FBB}.Debug|Any CPU.ActiveCfg = Debug|Any CPU
		{07087C3D-0CE5-4206-BE03-E7516EE86FBB}.Debug|Any CPU.Build.0 = Debug|Any CPU
		{07087C3D-0CE5-4206-BE03-E7516EE86FBB}.Release|Any CPU.ActiveCfg = Release|Any CPU
		{07087C3D-0CE5-4206-BE03-E7516EE86FBB}.Release|Any CPU.Build.0 = Release|Any CPU
		{D76255A7-8526-4FF0-A30E-557FD94D16D4}.Debug|Any CPU.ActiveCfg = Debug|Any CPU
		{D76255A7-8526-4FF0-A30E-557FD94D16D4}.Debug|Any CPU.Build.0 = Debug|Any CPU
		{D76255A7-8526-4FF0-A30E-557FD94D16D4}.Release|Any CPU.ActiveCfg = Release|Any CPU
		{D76255A7-8526-4FF0-A30E-557FD94D16D4}.Release|Any CPU.Build.0 = Release|Any CPU
		{9161858E-DB5A-4434-AC52-4A4DD5A2F23E}.Debug|Any CPU.ActiveCfg = Debug|Any CPU
		{9161858E-DB5A-4434-AC52-4A4DD5A2F23E}.Debug|Any CPU.Build.0 = Debug|Any CPU
		{9161858E-DB5A-4434-AC52-4A4DD5A2F23E}.Release|Any CPU.ActiveCfg = Release|Any CPU
		{9161858E-DB5A-4434-AC52-4A4DD5A2F23E}.Release|Any CPU.Build.0 = Release|Any CPU
		{441E46EE-1F05-4D8F-8D7C-3909C6CB2A69}.Debug|Any CPU.ActiveCfg = Debug|Any CPU
		{441E46EE-1F05-4D8F-8D7C-3909C6CB2A69}.Debug|Any CPU.Build.0 = Debug|Any CPU
		{441E46EE-1F05-4D8F-8D7C-3909C6CB2A69}.Release|Any CPU.ActiveCfg = Release|Any CPU
		{441E46EE-1F05-4D8F-8D7C-3909C6CB2A69}.Release|Any CPU.Build.0 = Release|Any CPU
		{794CB796-C386-41DC-A4B8-80B592E93656}.Debug|Any CPU.ActiveCfg = Debug|Any CPU
		{794CB796-C386-41DC-A4B8-80B592E93656}.Debug|Any CPU.Build.0 = Debug|Any CPU
		{794CB796-C386-41DC-A4B8-80B592E93656}.Release|Any CPU.ActiveCfg = Release|Any CPU
		{794CB796-C386-41DC-A4B8-80B592E93656}.Release|Any CPU.Build.0 = Release|Any CPU
		{B96411AB-8B0A-4E00-82DC-43506E2C6EAF}.Debug|Any CPU.ActiveCfg = Debug|Any CPU
		{B96411AB-8B0A-4E00-82DC-43506E2C6EAF}.Debug|Any CPU.Build.0 = Debug|Any CPU
		{B96411AB-8B0A-4E00-82DC-43506E2C6EAF}.Release|Any CPU.ActiveCfg = Release|Any CPU
		{B96411AB-8B0A-4E00-82DC-43506E2C6EAF}.Release|Any CPU.Build.0 = Release|Any CPU
		{BA364A21-BCB2-4588-834E-D2AB274A2EAC}.Debug|Any CPU.ActiveCfg = Debug|Any CPU
		{BA364A21-BCB2-4588-834E-D2AB274A2EAC}.Debug|Any CPU.Build.0 = Debug|Any CPU
		{BA364A21-BCB2-4588-834E-D2AB274A2EAC}.Release|Any CPU.ActiveCfg = Release|Any CPU
		{BA364A21-BCB2-4588-834E-D2AB274A2EAC}.Release|Any CPU.Build.0 = Release|Any CPU
	EndGlobalSection
	GlobalSection(SolutionProperties) = preSolution
		HideSolutionNode = FALSE
	EndGlobalSection
	GlobalSection(NestedProjects) = preSolution
		{AEA9E577-E398-4B55-99E9-F85C323B0A0B} = {DED3029B-7A9D-4A0D-AD16-CD8636C1DFEA}
		{5B67B60A-6354-4313-9852-C844BFDC7772} = {DED3029B-7A9D-4A0D-AD16-CD8636C1DFEA}
		{211842BA-985C-4BA3-85B4-B3347FF0CCB2} = {1179DB74-6576-4DB1-BC9C-95F9BB0B7FEB}
		{6C943F54-7DD9-46DC-831B-A3DAEFDB4D09} = {29A04AE2-72F5-4819-B744-982738F07939}
		{4A316C5C-3E7E-4AF0-9BBD-56D70CAC62DA} = {DED3029B-7A9D-4A0D-AD16-CD8636C1DFEA}
		{42615F32-7402-4E41-A066-F38984420AA4} = {4A316C5C-3E7E-4AF0-9BBD-56D70CAC62DA}
		{B3A537B4-C0B7-4FAF-AB6E-C98F39400469} = {4A316C5C-3E7E-4AF0-9BBD-56D70CAC62DA}
		{1DB5882E-75FE-4E89-8767-4084AB3AA7EB} = {4A316C5C-3E7E-4AF0-9BBD-56D70CAC62DA}
		{5E79C431-04A1-49FA-9BFE-3194EAA809BA} = {4A316C5C-3E7E-4AF0-9BBD-56D70CAC62DA}
		{1F474A84-A0E0-4A2F-9FCF-7694F9EF875D} = {42615F32-7402-4E41-A066-F38984420AA4}
		{2A37F8CA-F5D2-4239-9024-9D621C1E0912} = {4A316C5C-3E7E-4AF0-9BBD-56D70CAC62DA}
		{93E9CE54-143E-4D5C-87B2-DCCAF7C9D0E1} = {DED3029B-7A9D-4A0D-AD16-CD8636C1DFEA}
		{A4DE6D79-E314-4F05-BD6E-2A1D3DEE3BAF} = {4CD450AD-F6CD-4904-AFB0-BAAC4D8E7D5A}
		{3F067EF6-7593-4DD3-97B7-87AD726ED74D} = {DED3029B-7A9D-4A0D-AD16-CD8636C1DFEA}
		{8E728510-76D6-4126-8F05-3E237E534380} = {3F067EF6-7593-4DD3-97B7-87AD726ED74D}
		{07087C3D-0CE5-4206-BE03-E7516EE86FBB} = {3F067EF6-7593-4DD3-97B7-87AD726ED74D}
		{EA4848E6-A756-4332-A04A-54D2CB0E4062} = {3F067EF6-7593-4DD3-97B7-87AD726ED74D}
		{D76255A7-8526-4FF0-A30E-557FD94D16D4} = {3F067EF6-7593-4DD3-97B7-87AD726ED74D}
		{9161858E-DB5A-4434-AC52-4A4DD5A2F23E} = {2CF99341-DCE7-4713-A986-5EDA5372BDAC}
		{2CF99341-DCE7-4713-A986-5EDA5372BDAC} = {EA4848E6-A756-4332-A04A-54D2CB0E4062}
		{9C9FAC66-85D4-4AD1-835E-0AB3C5EDEF34} = {EA4848E6-A756-4332-A04A-54D2CB0E4062}
		{441E46EE-1F05-4D8F-8D7C-3909C6CB2A69} = {9C9FAC66-85D4-4AD1-835E-0AB3C5EDEF34}
		{794CB796-C386-41DC-A4B8-80B592E93656} = {9C9FAC66-85D4-4AD1-835E-0AB3C5EDEF34}
		{B96411AB-8B0A-4E00-82DC-43506E2C6EAF} = {9C9FAC66-85D4-4AD1-835E-0AB3C5EDEF34}
		{BA364A21-BCB2-4588-834E-D2AB274A2EAC} = {2CF99341-DCE7-4713-A986-5EDA5372BDAC}
	EndGlobalSection
EndGlobal
