
Microsoft Visual Studio Solution File, Format Version 12.00
# Visual Studio 14
VisualStudioVersion = 14.0.25420.1
MinimumVisualStudioVersion = 10.0.40219.1
Project("{FAE04EC0-301F-11D3-BF4B-00C04F79EFBC}") = "videoplayer", "videoplayer\videoplayer.csproj", "{C6900A45-F719-4ADB-9F1C-B44A34E3C2DA}"
EndProject
Global
	GlobalSection(SolutionConfigurationPlatforms) = preSolution
		Debug|Any CPU = Debug|Any CPU
		Release|Any CPU = Release|Any CPU
	EndGlobalSection
	GlobalSection(ProjectConfigurationPlatforms) = postSolution
		{C6900A45-F719-4ADB-9F1C-B44A34E3C2DA}.Debug|Any CPU.ActiveCfg = Debug|Any CPU
		{C6900A45-F719-4ADB-9F1C-B44A34E3C2DA}.Debug|Any CPU.Build.0 = Debug|Any CPU
		{C6900A45-F719-4ADB-9F1C-B44A34E3C2DA}.Release|Any CPU.ActiveCfg = Release|Any CPU
		{C6900A45-F719-4ADB-9F1C-B44A34E3C2DA}.Release|Any CPU.Build.0 = Release|Any CPU
	EndGlobalSection
	GlobalSection(SolutionProperties) = preSolution
		HideSolutionNode = FALSE
	EndGlobalSection
EndGlobal
